# v0.9 RAG / Knowledge layer dependency lock
# Generated 2026-08-13 for haystack-ai + qdrant-haystack compatibility verification.
# Keep separate from requirements.txt (v0.8.10 frozen runtime).

# Direct dependencies
haystack-ai==3.0.0
qdrant-haystack==10.5.0
fastembed-haystack==2.6.0

# Sparse retrieval (jieba lexical for Chinese; FastEmbed BM25 kept as option)
fastembed==0.8.0
onnxruntime==1.28.0
jieba==0.42.1

# Transitive dependencies (pinned for reproducibility)
jinja2==3.1.6
markupsafe==3.0.3
jsonschema==4.26.0
jsonschema-specifications==2025.9.1
referencing==0.37.0
rpds-py==2026.6.3
attrs==26.1.0
backoff==2.2.1
docstring-parser==0.18.0
filetype==1.2.0
lazy-imports==1.2.0
more-itertools==11.1.0
networkx==3.6.1
posthog==7.39.0
python-dateutil==2.9.0.post0
six==1.17.0
huggingface-hub==1.27.0
tokenizers==0.23.1
loguru==0.7.3
mmh3==5.2.1
pillow==12.3.0
py-rust-stemmers==0.1.8
flatbuffers==25.12.19
fsspec==2026.7.0
hf-xet==1.6.0
filelock==3.32.2
click==8.4.2
