# v0.9 RAG / Knowledge layer dependency lock
# Generated 2026-08-13 for haystack-ai + qdrant-haystack compatibility verification.
# Keep separate from requirements.txt (v0.8.10 frozen runtime).

# Direct dependencies
haystack-ai==3.0.0
qdrant-haystack==10.5.0

# Transitive dependencies (pinned for reproducibility)
jinja2==3.1.6
markupsafe==3.0.3
jsonschema==4.26.0
jsonschema-specifications==2025.9.1
referencing==0.37.0
rpds-py==2026.6.3
attrs==26.1.0
backoff==2.2.1
docstring-parser==0.18.0
filetype==1.2.0
lazy-imports==1.2.0
more-itertools==11.1.0
networkx==3.6.1
posthog==7.39.0
python-dateutil==2.9.0.post0
six==1.17.0
